
Microsoft Visual Studio Solution File, Format Version 12.00
# Visual Studio 15
VisualStudioVersion = 15.0.28010.2003
MinimumVisualStudioVersion = 10.0.40219.1
Project("{FAE04EC0-301F-11D3-BF4B-00C04F79EFBC}") = "LibraryManagementSystem", "LibraryManagementSystem\LibraryManagementSystem.csproj", "{8EF90DB4-CD5E-4FD7-9EF8-5E54EE1314A6}"
EndProject
Project("{00D1A9C2-B5F0-4AF3-8072-F6C62B433612}") = "LibraryManagementSystem.Database", "LibraryManagementSystem.Database\LibraryManagementSystem.Database.sqlproj", "{A0486265-46F6-4CCC-ADF0-C37ADD9DA634}"
EndProject
Global
	GlobalSection(SolutionConfigurationPlatforms) = preSolution
		Debug|Any CPU = Debug|Any CPU
		Release|Any CPU = Release|Any CPU
	EndGlobalSection
	GlobalSection(ProjectConfigurationPlatforms) = postSolution
		{8EF90DB4-CD5E-4FD7-9EF8-5E54EE1314A6}.Debug|Any CPU.ActiveCfg = Debug|Any CPU
		{8EF90DB4-CD5E-4FD7-9EF8-5E54EE1314A6}.Debug|Any CPU.Build.0 = Debug|Any CPU
		{8EF90DB4-CD5E-4FD7-9EF8-5E54EE1314A6}.Release|Any CPU.ActiveCfg = Release|Any CPU
		{8EF90DB4-CD5E-4FD7-9EF8-5E54EE1314A6}.Release|Any CPU.Build.0 = Release|Any CPU
		{A0486265-46F6-4CCC-ADF0-C37ADD9DA634}.Debug|Any CPU.ActiveCfg = Debug|Any CPU
		{A0486265-46F6-4CCC-ADF0-C37ADD9DA634}.Debug|Any CPU.Build.0 = Debug|Any CPU
		{A0486265-46F6-4CCC-ADF0-C37ADD9DA634}.Debug|Any CPU.Deploy.0 = Debug|Any CPU
		{A0486265-46F6-4CCC-ADF0-C37ADD9DA634}.Release|Any CPU.ActiveCfg = Release|Any CPU
		{A0486265-46F6-4CCC-ADF0-C37ADD9DA634}.Release|Any CPU.Build.0 = Release|Any CPU
		{A0486265-46F6-4CCC-ADF0-C37ADD9DA634}.Release|Any CPU.Deploy.0 = Release|Any CPU
	EndGlobalSection
	GlobalSection(SolutionProperties) = preSolution
		HideSolutionNode = FALSE
	EndGlobalSection
	GlobalSection(ExtensibilityGlobals) = postSolution
		SolutionGuid = {D8949CCE-2E55-49F5-8068-7AA80BA217DF}
	EndGlobalSection
EndGlobal
